Microsoft Visual Studio Solution File, Format Version 12.00
# Visual Studio Version 17
VisualStudioVersion = 17.4.33205.214
MinimumVisualStudioVersion = 10.0.40219.1
Project("{6EC3EE1D-3C4E-46DD-8F32-0CC8E7565705}") = "Main", "src\Main\Main.fsproj", "{AAC1D6D8-2EEB-4BA3-AEAA-CBE06F8D968A}"
EndProject
Project("{6EC3EE1D-3C4E-46DD-8F32-0CC8E7565705}") = "Renderer", "src\Renderer\Renderer.fsproj", "{9F63D5D3-10F5-46F4-BF38-43E75E4FCB2D}"
EndProject
Project("{2150E333-8FDC-42A3-9474-1A3956D46DE8}") = "SolutionItems", "SolutionItems", "{A2545711-2C3E-4CBF-BB76-AEF8C3665C50}"
	ProjectSection(SolutionItems) = preProject
		.gitignore = .gitignore
		build.cmd = build.cmd
		build.fsx = build.fsx
		build_docs.sh = build_docs.sh
		.github\workflows\ci.yml = .github\workflows\ci.yml
		dotnet-tools.json = dotnet-tools.json
		docs\index.md = docs\index.md
		LICENSE = LICENSE
		Nuget.Config = Nuget.Config
		package.json = package.json
		paket.dependencies = paket.dependencies
		README.md = README.md
		webpack.config.main.js = webpack.config.main.js
		webpack.config.renderer.js = webpack.config.renderer.js
	EndProjectSection
EndProject
Project("{2150E333-8FDC-42A3-9474-1A3956D46DE8}") = "static", "static", "{EB34148C-70A6-4D00-BA10-87BBDFD4ACBF}"
	ProjectSection(SolutionItems) = preProject
		static\icon.ico = static\icon.ico
		static\index.html = static\index.html
	EndProjectSection
EndProject
Project("{2150E333-8FDC-42A3-9474-1A3956D46DE8}") = "tests", "tests", "{4F1E0C6C-A2EE-4F89-92CE-D9431728FF88}"
EndProject
Project("{6EC3EE1D-3C4E-46DD-8F32-0CC8E7565705}") = "Sidecar", "src\Sidecar\Issie.Sidecar.fsproj", "{9A1D5605-2A47-4461-901F-7C8E66F4476E}"
EndProject
Project("{F2A71F9B-5D33-465A-A702-920D77279786}") = "Issie.Tests", "Tests\Issie.Tests\Issie.Tests.fsproj", "{F7CB1AFB-E722-4CB1-AFF5-B5A35FB532D1}"
EndProject
Global
	GlobalSection(SolutionConfigurationPlatforms) = preSolution
		Debug|Any CPU = Debug|Any CPU
		Release|Any CPU = Release|Any CPU
	EndGlobalSection
	GlobalSection(ProjectConfigurationPlatforms) = postSolution
		{AAC1D6D8-2EEB-4BA3-AEAA-CBE06F8D968A}.Debug|Any CPU.ActiveCfg = Debug|Any CPU
		{AAC1D6D8-2EEB-4BA3-AEAA-CBE06F8D968A}.Debug|Any CPU.Build.0 = Debug|Any CPU
		{AAC1D6D8-2EEB-4BA3-AEAA-CBE06F8D968A}.Release|Any CPU.ActiveCfg = Release|Any CPU
		{AAC1D6D8-2EEB-4BA3-AEAA-CBE06F8D968A}.Release|Any CPU.Build.0 = Release|Any CPU
		{9F63D5D3-10F5-46F4-BF38-43E75E4FCB2D}.Debug|Any CPU.ActiveCfg = Debug|Any CPU
		{9F63D5D3-10F5-46F4-BF38-43E75E4FCB2D}.Debug|Any CPU.Build.0 = Debug|Any CPU
		{9F63D5D3-10F5-46F4-BF38-43E75E4FCB2D}.Release|Any CPU.ActiveCfg = Release|Any CPU
		{9F63D5D3-10F5-46F4-BF38-43E75E4FCB2D}.Release|Any CPU.Build.0 = Release|Any CPU
		{9A1D5605-2A47-4461-901F-7C8E66F4476E}.Debug|Any CPU.ActiveCfg = Debug|Any CPU
		{9A1D5605-2A47-4461-901F-7C8E66F4476E}.Debug|Any CPU.Build.0 = Debug|Any CPU
		{9A1D5605-2A47-4461-901F-7C8E66F4476E}.Release|Any CPU.ActiveCfg = Release|Any CPU
		{9A1D5605-2A47-4461-901F-7C8E66F4476E}.Release|Any CPU.Build.0 = Release|Any CPU
		{F7CB1AFB-E722-4CB1-AFF5-B5A35FB532D1}.Debug|Any CPU.ActiveCfg = Debug|Any CPU
		{F7CB1AFB-E722-4CB1-AFF5-B5A35FB532D1}.Debug|Any CPU.Build.0 = Debug|Any CPU
		{F7CB1AFB-E722-4CB1-AFF5-B5A35FB532D1}.Release|Any CPU.ActiveCfg = Release|Any CPU
		{F7CB1AFB-E722-4CB1-AFF5-B5A35FB532D1}.Release|Any CPU.Build.0 = Release|Any CPU
	EndGlobalSection
	GlobalSection(SolutionProperties) = preSolution
		HideSolutionNode = FALSE
	EndGlobalSection
	GlobalSection(ExtensibilityGlobals) = postSolution
		SolutionGuid = {96DAE6A9-B1CC-4FF7-B08C-D5FBFD55B385}
	EndGlobalSection
	GlobalSection(NestedProjects) = preSolution
		{F7CB1AFB-E722-4CB1-AFF5-B5A35FB532D1} = {4F1E0C6C-A2EE-4F89-92CE-D9431728FF88}
	EndGlobalSection
EndGlobal
