STORAGE: NONE
NUGET
  remote: https://www.nuget.org/api/v2
    dotnet-fable (2.0.11) - clitool: true
      Dotnet.ProjInfo (>= 0.20) - restriction: >= netcoreapp2.0
      FSharp.Compiler.Service (>= 25.0.1) - restriction: >= netcoreapp2.0
      FSharp.Core (>= 4.5.2) - restriction: >= netcoreapp2.0
      Microsoft.NETCore.App (>= 2.0) - restriction: >= netcoreapp2.0
      Newtonsoft.Json (>= 11.0.2) - restriction: >= netcoreapp2.0
    Dotnet.ProjInfo (0.39.1) - restriction: >= netcoreapp2.0
      FSharp.Core (>= 4.6.2) - restriction: || (>= net461) (>= netstandard2.0)
      Microsoft.NETFramework.ReferenceAssemblies (>= 1.0) - restriction: || (>= net461) (>= netstandard2.0)
      System.ValueTuple (>= 4.4) - restriction: || (>= net461) (>= netstandard2.0)
    Fable.Core (2.0.3)
      FSharp.Core (>= 4.5.2) - restriction: >= netstandard2.0
    Fable.Elmish (2.0.3)
      Fable.Core (>= 2.0) - restriction: >= netstandard2.0
      Fable.PowerPack (>= 2.0.1) - restriction: >= netstandard2.0
      FSharp.Core (>= 4.5.2) - restriction: >= netstandard2.0
    Fable.Elmish.Browser (2.1) - restriction: >= netstandard2.0
      Fable.Core (>= 2.0) - restriction: >= netstandard2.0
      Fable.Elmish (>= 2.0) - restriction: >= netstandard2.0
      Fable.Import.Browser (>= 1.3) - restriction: >= netstandard2.0
      FSharp.Core (>= 4.5.2) - restriction: >= netstandard2.0
    Fable.Elmish.Debugger (2.0.3)
      Fable.Core (>= 2.0) - restriction: >= netstandard2.0
      Fable.Elmish (>= 2.0) - restriction: >= netstandard2.0
      FSharp.Core (>= 4.5.2) - restriction: >= netstandard2.0
    Fable.Elmish.HMR (3.2)
      Fable.Core (>= 2.0.1) - restriction: >= netstandard2.0
      Fable.Elmish (>= 2.0.3) - restriction: >= netstandard2.0
      Fable.Elmish.Browser (>= 2.1) - restriction: >= netstandard2.0
      Fable.Elmish.React (>= 2.1) - restriction: >= netstandard2.0
      Fable.Import.HMR (>= 0.1) - restriction: >= netstandard2.0
      Fable.React (>= 4.1.3) - restriction: >= netstandard2.0
      FSharp.Core (>= 4.5.2) - restriction: >= netstandard2.0
    Fable.Elmish.React (2.2)
      Fable.Core (>= 2.0) - restriction: >= netstandard2.0
      Fable.Elmish (>= 2.0) - restriction: >= netstandard2.0
      Fable.PowerPack (>= 2.0.1) - restriction: >= netstandard2.0
      Fable.React (>= 4.0.1) - restriction: >= netstandard2.0
      FSharp.Core (>= 4.5.2) - restriction: >= netstandard2.0
    Fable.Import.Browser (1.4)
      Fable.Core (>= 1.3.17) - restriction: >= netstandard1.6
    Fable.Import.Electron (0.1.1)
      Fable.Core (>= 1.1.15) - restriction: >= netstandard1.6
      Fable.Import.Browser (>= 0.1) - restriction: >= netstandard1.6
      Fable.Import.Node (>= 0.1.3) - restriction: >= netstandard1.6
      FSharp.Core (>= 4.2.3) - restriction: >= netstandard1.6
    Fable.Import.HMR (0.1) - restriction: >= netstandard2.0
      Fable.Core (>= 1.3.17) - restriction: >= netstandard1.6
    Fable.Import.Node (0.4.3)
      Fable.Core (>= 1.3.8) - restriction: >= netstandard2.0
    Fable.Parsimmon (3.2) - restriction: >= netstandard2.0
      Fable.Core (>= 2.0) - restriction: >= netstandard2.0
      FSharp.Core (>= 4.5.2) - restriction: >= netstandard2.0
    Fable.PowerPack (3.0)
      Fable.Core (>= 2.0) - restriction: >= netstandard2.0
      Fable.Import.Browser (>= 1.3) - restriction: >= netstandard2.0
      FSharp.Core (>= 4.5.2) - restriction: >= netstandard2.0
      Thoth.Json (>= 2.0) - restriction: >= netstandard2.0
    Fable.React (4.1.3)
      Fable.Core (>= 2.0) - restriction: >= netstandard2.0
      Fable.Import.Browser (>= 1.3) - restriction: >= netstandard2.0
      FSharp.Core (>= 4.5.2) - restriction: >= netstandard2.0
    Fable.Recharts (0.1.0-beta-003)
      Fable.Core (>= 1.3.12) - restriction: >= netstandard1.6
      Fable.Import.Browser (>= 1.1.1) - restriction: >= netstandard1.6
      Fable.React (>= 3.1.2) - restriction: >= netstandard1.6
    Fable.SimpleJson (2.10)
      Fable.Core (>= 2.0) - restriction: >= netstandard2.0
      Fable.Parsimmon (>= 3.1) - restriction: >= netstandard2.0
      FSharp.Core (>= 4.5.2) - restriction: >= netstandard2.0
    FSharp.Compiler.Service (35.0) - restriction: >= netcoreapp2.0
      FSharp.Core (>= 4.6.2) - restriction: || (>= net461) (>= netstandard2.0)
      System.Buffers (>= 4.5) - restriction: || (>= net461) (>= netstandard2.0)
      System.Collections.Immutable (>= 1.5) - restriction: || (>= net461) (>= netstandard2.0)
      System.Memory (>= 4.5.3) - restriction: || (>= net461) (>= netstandard2.0)
      System.Reflection.Emit (>= 4.3) - restriction: && (< net461) (>= netstandard2.0)
      System.Reflection.Metadata (>= 1.6) - restriction: || (>= net461) (>= netstandard2.0)
      System.Reflection.TypeExtensions (>= 4.3) - restriction: && (< net461) (>= netstandard2.0)
      System.Runtime.Loader (>= 4.0) - restriction: && (< net461) (>= netstandard2.0)
    FSharp.Core (4.7.1) - redirects: force
    Fulma (1.1)
      Fable.Core (>= 2.0.2) - restriction: >= netstandard2.0
      Fable.React (>= 4.1.3) - restriction: >= netstandard2.0
    Microsoft.NETCore.App (2.2.8) - restriction: >= netcoreapp2.0
      Microsoft.NETCore.DotNetHostPolicy (>= 2.2.8) - restriction: >= netcoreapp2.2
      Microsoft.NETCore.Platforms (>= 2.2.4) - restriction: >= netcoreapp2.2
      Microsoft.NETCore.Targets (>= 2.0) - restriction: >= netcoreapp2.2
      NETStandard.Library (>= 2.0.3) - restriction: >= netcoreapp2.2
    Microsoft.NETCore.DotNetAppHost (3.1.3) - restriction: >= netcoreapp2.2
    Microsoft.NETCore.DotNetHostPolicy (3.1.3) - restriction: >= netcoreapp2.2
      Microsoft.NETCore.DotNetHostResolver (>= 3.1.3)
    Microsoft.NETCore.DotNetHostResolver (3.1.3) - restriction: >= netcoreapp2.2
      Microsoft.NETCore.DotNetAppHost (>= 3.1.3)
    Microsoft.NETCore.Platforms (3.1) - restriction: >= netcoreapp2.0
    Microsoft.NETCore.Targets (3.1) - restriction: >= netcoreapp2.0
    Microsoft.NETFramework.ReferenceAssemblies (1.0) - restriction: >= netcoreapp2.0
    NETStandard.Library (2.0.3) - restriction: >= netcoreapp2.2
      Microsoft.NETCore.Platforms (>= 1.1) - restriction: || (&& (>= net45) (< netstandard1.3)) (&& (< net45) (>= netstandard1.1) (< netstandard1.2) (< win8)) (&& (< net45) (>= netstandard1.2) (< netstandard1.3) (< win8) (< wpa81)) (&& (< net45) (>= netstandard1.3) (< netstandard1.4) (< win8) (< wpa81)) (&& (< net45) (>= netstandard1.4) (< netstandard1.5) (< win8) (< wpa81)) (&& (< net45) (>= netstandard1.5) (< netstandard1.6) (< win8) (< wpa81)) (&& (< net45) (>= netstandard1.6) (< netstandard2.0) (< win8) (< wpa81)) (&& (< net45) (>= netstandard2.0)) (&& (>= net46) (< netstandard1.4)) (>= net461) (>= netcoreapp2.0) (&& (>= netstandard1.0) (< portable-net45+win8+wpa81)) (&& (< netstandard1.0) (>= portable-net45+win8) (< win8)) (&& (< netstandard1.0) (< portable-net45+win8) (>= portable-net45+win8+wpa81)) (&& (< netstandard1.0) (>= portable-net45+win8+wp8+wpa81) (< portable-net45+win8+wpa81)) (&& (< netstandard1.0) (>= win8)) (&& (< netstandard1.3) (< win8) (>= wpa81)) (&& (< netstandard1.5) (>= uap10.0)) (>= uap10.1) (>= wp8)
    Newtonsoft.Json (12.0.3) - restriction: >= netcoreapp2.0
    System.Buffers (4.5.1) - restriction: >= netcoreapp2.0
    System.Collections.Immutable (1.7) - restriction: >= netcoreapp2.0
      System.Memory (>= 4.5.3) - restriction: || (&& (< monoandroid) (< monotouch) (< net45) (>= netstandard1.3) (< netstandard2.0) (< win8) (< wpa81) (< xamarintvos) (< xamarinwatchos)) (&& (< net45) (< netcoreapp2.1) (>= netstandard2.0) (< xamarinios) (< xamarinmac)) (>= net46) (>= uap10.1)
    System.IO (4.3) - restriction: >= netcoreapp2.0
      Microsoft.NETCore.Platforms (>= 1.1) - restriction: || (&& (< monoandroid) (< monotouch) (< net45) (>= netstandard1.5) (< win8) (< wpa81) (< xamarinios) (< xamarinmac) (< xamarintvos) (< xamarinwatchos)) (&& (< monoandroid) (< net45) (>= netstandard1.0) (< netstandard1.3) (< win8) (< wp8) (< wpa81)) (&& (< monoandroid) (< net45) (>= netstandard1.3) (< netstandard1.5) (< win8) (< wpa81))
      Microsoft.NETCore.Targets (>= 1.1) - restriction: || (&& (< monoandroid) (< monotouch) (< net45) (>= netstandard1.5) (< win8) (< wpa81) (< xamarinios) (< xamarinmac) (< xamarintvos) (< xamarinwatchos)) (&& (< monoandroid) (< net45) (>= netstandard1.0) (< netstandard1.3) (< win8) (< wp8) (< wpa81)) (&& (< monoandroid) (< net45) (>= netstandard1.3) (< netstandard1.5) (< win8) (< wpa81))
      System.Runtime (>= 4.3) - restriction: || (&& (< monoandroid) (< monotouch) (< net45) (>= netstandard1.5) (< win8) (< wpa81) (< xamarinios) (< xamarinmac) (< xamarintvos) (< xamarinwatchos)) (&& (< monoandroid) (< net45) (>= netstandard1.0) (< netstandard1.3) (< win8) (< wp8) (< wpa81)) (&& (< monoandroid) (< net45) (>= netstandard1.3) (< netstandard1.5) (< win8) (< wpa81))
      System.Text.Encoding (>= 4.3) - restriction: || (&& (< monoandroid) (< monotouch) (< net45) (>= netstandard1.5) (< win8) (< wpa81) (< xamarinios) (< xamarinmac) (< xamarintvos) (< xamarinwatchos)) (&& (< monoandroid) (< net45) (>= netstandard1.0) (< netstandard1.3) (< win8) (< wp8) (< wpa81)) (&& (< monoandroid) (< net45) (>= netstandard1.3) (< netstandard1.5) (< win8) (< wpa81))
      System.Threading.Tasks (>= 4.3) - restriction: || (&& (< monoandroid) (< monotouch) (< net45) (>= netstandard1.5) (< win8) (< wpa81) (< xamarinios) (< xamarinmac) (< xamarintvos) (< xamarinwatchos)) (&& (< monoandroid) (< net45) (>= netstandard1.0) (< netstandard1.3) (< win8) (< wp8) (< wpa81)) (&& (< monoandroid) (< net45) (>= netstandard1.3) (< netstandard1.5) (< win8) (< wpa81))
    System.Memory (4.5.4) - restriction: >= netcoreapp2.0
      System.Runtime.CompilerServices.Unsafe (>= 4.5.3) - restriction: || (&& (>= monoandroid) (< netstandard2.0)) (&& (< monoandroid) (< net45) (>= netstandard1.1) (< netstandard2.0) (< win8) (< wpa81)) (&& (< monoandroid) (< netstandard1.1) (>= portable-net45+win8+wpa81) (< win8)) (>= monotouch) (&& (>= net45) (< netstandard2.0)) (&& (< net45) (< netcoreapp2.0) (>= netstandard2.0)) (>= net461) (&& (>= netcoreapp2.0) (< netcoreapp2.1)) (&& (< netstandard1.1) (>= win8)) (&& (< netstandard2.0) (>= wpa81)) (>= uap10.1) (>= xamarinios) (>= xamarinmac) (>= xamarintvos) (>= xamarinwatchos)
    System.Reflection (4.3) - restriction: >= netcoreapp2.0
      Microsoft.NETCore.Platforms (>= 1.1) - restriction: || (&& (< monoandroid) (< monotouch) (< net45) (>= netstandard1.5) (< win8) (< wpa81) (< xamarinios) (< xamarinmac) (< xamarintvos) (< xamarinwatchos)) (&& (< monoandroid) (< net45) (>= netstandard1.0) (< netstandard1.3) (< win8) (< wp8) (< wpa81)) (&& (< monoandroid) (< net45) (>= netstandard1.3) (< netstandard1.5) (< win8) (< wpa81))
      Microsoft.NETCore.Targets (>= 1.1) - restriction: || (&& (< monoandroid) (< monotouch) (< net45) (>= netstandard1.5) (< win8) (< wpa81) (< xamarinios) (< xamarinmac) (< xamarintvos) (< xamarinwatchos)) (&& (< monoandroid) (< net45) (>= netstandard1.0) (< netstandard1.3) (< win8) (< wp8) (< wpa81)) (&& (< monoandroid) (< net45) (>= netstandard1.3) (< netstandard1.5) (< win8) (< wpa81))
      System.IO (>= 4.3) - restriction: || (&& (< monoandroid) (< monotouch) (< net45) (>= netstandard1.5) (< win8) (< wpa81) (< xamarinios) (< xamarinmac) (< xamarintvos) (< xamarinwatchos)) (&& (< monoandroid) (< net45) (>= netstandard1.0) (< netstandard1.3) (< win8) (< wp8) (< wpa81)) (&& (< monoandroid) (< net45) (>= netstandard1.3) (< netstandard1.5) (< win8) (< wpa81))
      System.Reflection.Primitives (>= 4.3) - restriction: || (&& (< monoandroid) (< monotouch) (< net45) (>= netstandard1.5) (< win8) (< wpa81) (< xamarinios) (< xamarinmac) (< xamarintvos) (< xamarinwatchos)) (&& (< monoandroid) (< net45) (>= netstandard1.0) (< netstandard1.3) (< win8) (< wp8) (< wpa81)) (&& (< monoandroid) (< net45) (>= netstandard1.3) (< netstandard1.5) (< win8) (< wpa81))
      System.Runtime (>= 4.3) - restriction: || (&& (< monoandroid) (< monotouch) (< net45) (>= netstandard1.5) (< win8) (< wpa81) (< xamarinios) (< xamarinmac) (< xamarintvos) (< xamarinwatchos)) (&& (< monoandroid) (< net45) (>= netstandard1.0) (< netstandard1.3) (< win8) (< wp8) (< wpa81)) (&& (< monoandroid) (< net45) (>= netstandard1.3) (< netstandard1.5) (< win8) (< wpa81))
    System.Reflection.Emit (4.7) - restriction: >= netcoreapp2.0
    System.Reflection.Metadata (1.8) - restriction: >= netcoreapp2.0
      System.Collections.Immutable (>= 1.7) - restriction: || (>= net45) (&& (< netcoreapp3.1) (>= netstandard2.0)) (&& (>= netstandard1.1) (< netstandard2.0) (< win8) (< wpa81)) (&& (< netstandard1.1) (>= portable-net45+win8+wpa81) (< win8)) (&& (< netstandard1.1) (>= win8)) (&& (< netstandard2.0) (>= wpa81))
    System.Reflection.Primitives (4.3) - restriction: >= netcoreapp2.0
      Microsoft.NETCore.Platforms (>= 1.1) - restriction: && (< monoandroid) (< monotouch) (< net45) (>= netstandard1.0) (< win8) (< wp8) (< wpa81) (< xamarinios) (< xamarinmac) (< xamarintvos) (< xamarinwatchos)
      Microsoft.NETCore.Targets (>= 1.1) - restriction: && (< monoandroid) (< monotouch) (< net45) (>= netstandard1.0) (< win8) (< wp8) (< wpa81) (< xamarinios) (< xamarinmac) (< xamarintvos) (< xamarinwatchos)
      System.Runtime (>= 4.3) - restriction: && (< monoandroid) (< monotouch) (< net45) (>= netstandard1.0) (< win8) (< wp8) (< wpa81) (< xamarinios) (< xamarinmac) (< xamarintvos) (< xamarinwatchos)
    System.Reflection.TypeExtensions (4.7) - restriction: >= netcoreapp2.0
    System.Runtime (4.3.1) - restriction: >= netcoreapp2.0
      Microsoft.NETCore.Platforms (>= 1.1.1) - restriction: || (&& (< monoandroid) (< monotouch) (< net45) (>= netstandard1.5) (< win8) (< wpa81) (< xamarinios) (< xamarinmac) (< xamarintvos) (< xamarinwatchos)) (&& (< monoandroid) (< net45) (>= netstandard1.0) (< netstandard1.2) (< win8) (< wp8)) (&& (< monoandroid) (< net45) (>= netstandard1.2) (< netstandard1.3) (< win8) (< wpa81)) (&& (< monoandroid) (< net45) (>= netstandard1.3) (< netstandard1.5) (< win8) (< wpa81))
      Microsoft.NETCore.Targets (>= 1.1.3) - restriction: || (&& (< monoandroid) (< monotouch) (< net45) (>= netstandard1.5) (< win8) (< wpa81) (< xamarinios) (< xamarinmac) (< xamarintvos) (< xamarinwatchos)) (&& (< monoandroid) (< net45) (>= netstandard1.0) (< netstandard1.2) (< win8) (< wp8)) (&& (< monoandroid) (< net45) (>= netstandard1.2) (< netstandard1.3) (< win8) (< wpa81)) (&& (< monoandroid) (< net45) (>= netstandard1.3) (< netstandard1.5) (< win8) (< wpa81))
    System.Runtime.CompilerServices.Unsafe (4.7.1) - restriction: || (&& (>= monotouch) (>= netcoreapp2.0)) (&& (>= net461) (>= netcoreapp2.0)) (&& (>= netcoreapp2.0) (< netcoreapp2.1)) (&& (>= netcoreapp2.0) (< netstandard1.1)) (&& (>= netcoreapp2.0) (< netstandard2.0)) (&& (>= netcoreapp2.0) (>= uap10.1)) (&& (>= netcoreapp2.0) (>= xamarinios)) (&& (>= netcoreapp2.0) (>= xamarinmac)) (&& (>= netcoreapp2.0) (>= xamarintvos)) (&& (>= netcoreapp2.0) (>= xamarinwatchos))
    System.Runtime.Loader (4.3) - restriction: >= netcoreapp2.0
      System.IO (>= 4.3) - restriction: && (< monoandroid) (< monotouch) (< net462) (>= netstandard1.5) (< xamarinios) (< xamarinmac) (< xamarintvos) (< xamarinwatchos)
      System.Reflection (>= 4.3) - restriction: && (< monoandroid) (< monotouch) (< net462) (>= netstandard1.5) (< xamarinios) (< xamarinmac) (< xamarintvos) (< xamarinwatchos)
      System.Runtime (>= 4.3) - restriction: && (< monoandroid) (< monotouch) (< net462) (>= netstandard1.5) (< xamarinios) (< xamarinmac) (< xamarintvos) (< xamarinwatchos)
    System.Text.Encoding (4.3) - restriction: >= netcoreapp2.0
      Microsoft.NETCore.Platforms (>= 1.1) - restriction: || (&& (< monoandroid) (< monotouch) (< net45) (>= netstandard1.3) (< win8) (< wpa81) (< xamarinios) (< xamarinmac) (< xamarintvos) (< xamarinwatchos)) (&& (< monoandroid) (< net45) (>= netstandard1.0) (< netstandard1.3) (< win8) (< wp8) (< wpa81))
      Microsoft.NETCore.Targets (>= 1.1) - restriction: || (&& (< monoandroid) (< monotouch) (< net45) (>= netstandard1.3) (< win8) (< wpa81) (< xamarinios) (< xamarinmac) (< xamarintvos) (< xamarinwatchos)) (&& (< monoandroid) (< net45) (>= netstandard1.0) (< netstandard1.3) (< win8) (< wp8) (< wpa81))
      System.Runtime (>= 4.3) - restriction: || (&& (< monoandroid) (< monotouch) (< net45) (>= netstandard1.3) (< win8) (< wpa81) (< xamarinios) (< xamarinmac) (< xamarintvos) (< xamarinwatchos)) (&& (< monoandroid) (< net45) (>= netstandard1.0) (< netstandard1.3) (< win8) (< wp8) (< wpa81))
    System.Threading.Tasks (4.3) - restriction: >= netcoreapp2.0
      Microsoft.NETCore.Platforms (>= 1.1) - restriction: || (&& (< monoandroid) (< monotouch) (< net45) (>= netstandard1.3) (< win8) (< wpa81) (< xamarinios) (< xamarinmac) (< xamarintvos) (< xamarinwatchos)) (&& (< monoandroid) (< net45) (>= netstandard1.0) (< netstandard1.3) (< win8) (< wp8) (< wpa81))
      Microsoft.NETCore.Targets (>= 1.1) - restriction: || (&& (< monoandroid) (< monotouch) (< net45) (>= netstandard1.3) (< win8) (< wpa81) (< xamarinios) (< xamarinmac) (< xamarintvos) (< xamarinwatchos)) (&& (< monoandroid) (< net45) (>= netstandard1.0) (< netstandard1.3) (< win8) (< wp8) (< wpa81))
      System.Runtime (>= 4.3) - restriction: || (&& (< monoandroid) (< monotouch) (< net45) (>= netstandard1.3) (< win8) (< wpa81) (< xamarinios) (< xamarinmac) (< xamarintvos) (< xamarinwatchos)) (&& (< monoandroid) (< net45) (>= netstandard1.0) (< netstandard1.3) (< win8) (< wp8) (< wpa81))
    System.ValueTuple (4.5) - restriction: >= netcoreapp2.0
    Thoth.Json (2.5) - restriction: >= netstandard2.0
      Fable.Core (>= 2.0) - restriction: >= netstandard2.0
      FSharp.Core (>= 4.5.2) - restriction: >= netstandard2.0
